<?xml version="1.0" encoding="UTF-8" standalone="yes" ?>
<CodeBlocks_project_file>
	<FileVersion major="1" minor="6" />
	<Project>
		<Option title="processor" />
		<Option pch_mode="2" />
		<Option compiler="gnu_gcc_mingw_compiler__strict__save_single_files_only_reguires_git" />
		<Build>
			<Target title="Debug">
				<Option output="bin/Debug/processor" prefix_auto="1" extension_auto="1" />
				<Option object_output="obj/Debug/" />
				<Option type="1" />
				<Option compiler="gnu_gcc_mingw_compiler__strict__save_single_files_only_reguires_git" />
				<Compiler>
					<Add option="-g" />
					<Add option="-DCANARIES" />
					<Add option="-DHASH" />
					<Add option="-DDEBUG" />
					<Add directory="D:/progs/prj/DedHw/processor/" />
					<Add directory="D:/progs/prj/DedHw/ded_dbg" />
				</Compiler>
				<Linker>
					<Add library="D:\progs\prj\DedHw\ded_dbg\libded_dbg.a" />
				</Linker>
			</Target>
			<Target title="Release">
				<Option output="bin/Release/processor" prefix_auto="1" extension_auto="1" />
				<Option object_output="obj/Release/" />
				<Option type="1" />
				<Option compiler="gnu_gcc_mingw_compiler__strict__save_single_files_only_reguires_git" />
				<Compiler>
					<Add option="-O2" />
					<Add directory="D:/progs/prj/DedHw/processor/" />
					<Add directory="D:/progs/prj/DedHw/ded" />
				</Compiler>
				<Linker>
					<Add option="-s" />
					<Add library="D:\progs\prj\DedHw\ded\libded.a" />
				</Linker>
			</Target>
		</Build>
		<Compiler>
			<Add option="-Wall" />
		</Compiler>
		<Unit filename="processor.cpp" />
		<Unit filename="processor.h" />
		<Extensions>
			<code_completion />
			<envvars />
			<debugger />
		</Extensions>
	</Project>
</CodeBlocks_project_file>
